// !$*UTF8*$!
{
	archiveVersion = 1;
	classes = {
	};
	objectVersion = 46;
	objects = {

/* Begin PBXBuildFile section */
		02655CD517D9318400BC211B /* Cocoa.framework in Frameworks */ = {isa = PBXBuildFile; fileRef = 02655CD417D9318400BC211B /* Cocoa.framework */; };
		02655CDF17D9318400BC211B /* InfoPlist.strings in Resources */ = {isa = PBXBuildFile; fileRef = 02655CDD17D9318400BC211B /* InfoPlist.strings */; };
		02655CE117D9318400BC211B /* main.m in Sources */ = {isa = PBXBuildFile; fileRef = 02655CE017D9318400BC211B /* main.m */; };
		02655CE517D9318400BC211B /* Credits.rtf in Resources */ = {isa = PBXBuildFile; fileRef = 02655CE317D9318400BC211B /* Credits.rtf */; };
		02655CE817D9318400BC211B /* SZAppDelegate.m in Sources */ = {isa = PBXBuildFile; fileRef = 02655CE717D9318400BC211B /* SZAppDelegate.m */; };
		02655CEB17D9318400BC211B /* MainMenu.xib in Resources */ = {isa = PBXBuildFile; fileRef = 02655CE917D9318400BC211B /* MainMenu.xib */; };
		02655CFC17D9357400BC211B /* MasterViewController.m in Sources */ = {isa = PBXBuildFile; fileRef = 02655CFA17D9357400BC211B /* MasterViewController.m */; };
		02655CFD17D9357400BC211B /* MasterViewController.xib in Resources */ = {isa = PBXBuildFile; fileRef = 02655CFB17D9357400BC211B /* MasterViewController.xib */; };
/* End PBXBuildFile section */

/* Begin PBXFileReference section */
		02655CD117D9318400BC211B /* Timer.app */ = {isa = PBXFileReference; explicitFileType = wrapper.application; includeInIndex = 0; path = Timer.app; sourceTree = BUILT_PRODUCTS_DIR; };
		02655CD417D9318400BC211B /* Cocoa.framework */ = {isa = PBXFileReference; lastKnownFileType = wrapper.framework; name = Cocoa.framework; path = System/Library/Frameworks/Cocoa.framework; sourceTree = SDKROOT; };
		02655CD717D9318400BC211B /* AppKit.framework */ = {isa = PBXFileReference; lastKnownFileType = wrapper.framework; name = AppKit.framework; path = System/Library/Frameworks/AppKit.framework; sourceTree = SDKROOT; };
		02655CD817D9318400BC211B /* CoreData.framework */ = {isa = PBXFileReference; lastKnownFileType = wrapper.framework; name = CoreData.framework; path = System/Library/Frameworks/CoreData.framework; sourceTree = SDKROOT; };
		02655CD917D9318400BC211B /* Foundation.framework */ = {isa = PBXFileReference; lastKnownFileType = wrapper.framework; name = Foundation.framework; path = System/Library/Frameworks/Foundation.framework; sourceTree = SDKROOT; };
		02655CDC17D9318400BC211B /* Timer-Info.plist */ = {isa = PBXFileReference; lastKnownFileType = text.plist.xml; path = "Timer-Info.plist"; sourceTree = "<group>"; };
		02655CDE17D9318400BC211B /* en */ = {isa = PBXFileReference; lastKnownFileType = text.plist.strings; name = en; path = en.lproj/InfoPlist.strings; sourceTree = "<group>"; };
		02655CE017D9318400BC211B /* main.m */ = {isa = PBXFileReference; lastKnownFileType = sourcecode.c.objc; path = main.m; sourceTree = "<group>"; };
		02655CE217D9318400BC211B /* Timer-Prefix.pch */ = {isa = PBXFileReference; lastKnownFileType = sourcecode.c.h; path = "Timer-Prefix.pch"; sourceTree = "<group>"; };
		02655CE417D9318400BC211B /* en */ = {isa = PBXFileReference; lastKnownFileType = text.rtf; name = en; path = en.lproj/Credits.rtf; sourceTree = "<group>"; };
		02655CE617D9318400BC211B /* SZAppDelegate.h */ = {isa = PBXFileReference; lastKnownFileType = sourcecode.c.h; path = SZAppDelegate.h; sourceTree = "<group>"; };
		02655CE717D9318400BC211B /* SZAppDelegate.m */ = {isa = PBXFileReference; lastKnownFileType = sourcecode.c.objc; path = SZAppDelegate.m; sourceTree = "<group>"; };
		02655CEA17D9318400BC211B /* en */ = {isa = PBXFileReference; lastKnownFileType = file.xib; name = en; path = en.lproj/MainMenu.xib; sourceTree = "<group>"; };
		02655CF917D9357400BC211B /* MasterViewController.h */ = {isa = PBXFileReference; fileEncoding = 4; lastKnownFileType = sourcecode.c.h; name = MasterViewController.h; path = ../MasterViewController.h; sourceTree = "<group>"; };
		02655CFA17D9357400BC211B /* MasterViewController.m */ = {isa = PBXFileReference; fileEncoding = 4; lastKnownFileType = sourcecode.c.objc; name = MasterViewController.m; path = ../MasterViewController.m; sourceTree = "<group>"; };
		02655CFB17D9357400BC211B /* MasterViewController.xib */ = {isa = PBXFileReference; fileEncoding = 4; lastKnownFileType = file.xib; name = MasterViewController.xib; path = ../MasterViewController.xib; sourceTree = "<group>"; };
/* End PBXFileReference section */

/* Begin PBXFrameworksBuildPhase section */
		02655CCE17D9318400BC211B /* Frameworks */ = {
			isa = PBXFrameworksBuildPhase;
			buildActionMask = 2147483647;
			files = (
				02655CD517D9318400BC211B /* Cocoa.framework in Frameworks */,
			);
			runOnlyForDeploymentPostprocessing = 0;
		};
/* End PBXFrameworksBuildPhase section */

/* Begin PBXGroup section */
		02655CC817D9318400BC211B = {
			isa = PBXGroup;
			children = (
				02655CDA17D9318400BC211B /* Timer */,
				02655CD317D9318400BC211B /* Frameworks */,
				02655CD217D9318400BC211B /* Products */,
			);
			sourceTree = "<group>";
		};
		02655CD217D9318400BC211B /* Products */ = {
			isa = PBXGroup;
			children = (
				02655CD117D9318400BC211B /* Timer.app */,
			);
			name = Products;
			sourceTree = "<group>";
		};
		02655CD317D9318400BC211B /* Frameworks */ = {
			isa = PBXGroup;
			children = (
				02655CD417D9318400BC211B /* Cocoa.framework */,
				02655CD617D9318400BC211B /* Other Frameworks */,
			);
			name = Frameworks;
			sourceTree = "<group>";
		};
		02655CD617D9318400BC211B /* Other Frameworks */ = {
			isa = PBXGroup;
			children = (
				02655CD717D9318400BC211B /* AppKit.framework */,
				02655CD817D9318400BC211B /* CoreData.framework */,
				02655CD917D9318400BC211B /* Foundation.framework */,
			);
			name = "Other Frameworks";
			sourceTree = "<group>";
		};
		02655CDA17D9318400BC211B /* Timer */ = {
			isa = PBXGroup;
			children = (
				02655CF917D9357400BC211B /* MasterViewController.h */,
				02655CFA17D9357400BC211B /* MasterViewController.m */,
				02655CFB17D9357400BC211B /* MasterViewController.xib */,
				02655CE617D9318400BC211B /* SZAppDelegate.h */,
				02655CE717D9318400BC211B /* SZAppDelegate.m */,
				02655CE917D9318400BC211B /* MainMenu.xib */,
				02655CDB17D9318400BC211B /* Supporting Files */,
			);
			path = Timer;
			sourceTree = "<group>";
		};
		02655CDB17D9318400BC211B /* Supporting Files */ = {
			isa = PBXGroup;
			children = (
				02655CDC17D9318400BC211B /* Timer-Info.plist */,
				02655CDD17D9318400BC211B /* InfoPlist.strings */,
				02655CE017D9318400BC211B /* main.m */,
				02655CE217D9318400BC211B /* Timer-Prefix.pch */,
				02655CE317D9318400BC211B /* Credits.rtf */,
			);
			name = "Supporting Files";
			sourceTree = "<group>";
		};
/* End PBXGroup section */

/* Begin PBXNativeTarget section */
		02655CD017D9318400BC211B /* Timer */ = {
			isa = PBXNativeTarget;
			buildConfigurationList = 02655CEE17D9318400BC211B /* Build configuration list for PBXNativeTarget "Timer" */;
			buildPhases = (
				02655CCD17D9318400BC211B /* Sources */,
				02655CCE17D9318400BC211B /* Frameworks */,
				02655CCF17D9318400BC211B /* Resources */,
			);
			buildRules = (
			);
			dependencies = (
			);
			name = Timer;
			productName = Timer;
			productReference = 02655CD117D9318400BC211B /* Timer.app */;
			productType = "com.apple.product-type.application";
		};
/* End PBXNativeTarget section */

/* Begin PBXProject section */
		02655CC917D9318400BC211B /* Project object */ = {
			isa = PBXProject;
			attributes = {
				CLASSPREFIX = SZ;
				LastUpgradeCheck = 0460;
				ORGANIZATIONNAME = "Sergey Zhernovoy";
			};
			buildConfigurationList = 02655CCC17D9318400BC211B /* Build configuration list for PBXProject "Timer" */;
			compatibilityVersion = "Xcode 3.2";
			developmentRegion = English;
			hasScannedForEncodings = 0;
			knownRegions = (
				en,
			);
			mainGroup = 02655CC817D9318400BC211B;
			productRefGroup = 02655CD217D9318400BC211B /* Products */;
			projectDirPath = "";
			projectRoot = "";
			targets = (
				02655CD017D9318400BC211B /* Timer */,
			);
		};
/* End PBXProject section */

/* Begin PBXResourcesBuildPhase section */
		02655CCF17D9318400BC211B /* Resources */ = {
			isa = PBXResourcesBuildPhase;
			buildActionMask = 2147483647;
			files = (
				02655CDF17D9318400BC211B /* InfoPlist.strings in Resources */,
				02655CE517D9318400BC211B /* Credits.rtf in Resources */,
				02655CEB17D9318400BC211B /* MainMenu.xib in Resources */,
				02655CFD17D9357400BC211B /* MasterViewController.xib in Resources */,
			);
			runOnlyForDeploymentPostprocessing = 0;
		};
/* End PBXResourcesBuildPhase section */

/* Begin PBXSourcesBuildPhase section */
		02655CCD17D9318400BC211B /* Sources */ = {
			isa = PBXSourcesBuildPhase;
			buildActionMask = 2147483647;
			files = (
				02655CE117D9318400BC211B /* main.m in Sources */,
				02655CE817D9318400BC211B /* SZAppDelegate.m in Sources */,
				02655CFC17D9357400BC211B /* MasterViewController.m in Sources */,
			);
			runOnlyForDeploymentPostprocessing = 0;
		};
/* End PBXSourcesBuildPhase section */

/* Begin PBXVariantGroup section */
		02655CDD17D9318400BC211B /* InfoPlist.strings */ = {
			isa = PBXVariantGroup;
			children = (
				02655CDE17D9318400BC211B /* en */,
			);
			name = InfoPlist.strings;
			sourceTree = "<group>";
		};
		02655CE317D9318400BC211B /* Credits.rtf */ = {
			isa = PBXVariantGroup;
			children = (
				02655CE417D9318400BC211B /* en */,
			);
			name = Credits.rtf;
			sourceTree = "<group>";
		};
		02655CE917D9318400BC211B /* MainMenu.xib */ = {
			isa = PBXVariantGroup;
			children = (
				02655CEA17D9318400BC211B /* en */,
			);
			name = MainMenu.xib;
			sourceTree = "<group>";
		};
/* End PBXVariantGroup section */

/* Begin XCBuildConfiguration section */
		02655CEC17D9318400BC211B /* Debug */ = {
			isa = XCBuildConfiguration;
			buildSettings = {
				ALWAYS_SEARCH_USER_PATHS = NO;
				ARCHS = "$(ARCHS_STANDARD_64_BIT)";
				CLANG_CXX_LANGUAGE_STANDARD = "gnu++0x";
				CLANG_CXX_LIBRARY = "libc++";
				CLANG_ENABLE_OBJC_ARC = YES;
				CLANG_WARN_CONSTANT_CONVERSION = YES;
				CLANG_WARN_EMPTY_BODY = YES;
				CLANG_WARN_ENUM_CONVERSION = YES;
				CLANG_WARN_INT_CONVERSION = YES;
				CLANG_WARN__DUPLICATE_METHOD_MATCH = YES;
				COPY_PHASE_STRIP = NO;
				GCC_C_LANGUAGE_STANDARD = gnu99;
				GCC_DYNAMIC_NO_PIC = NO;
				GCC_ENABLE_OBJC_EXCEPTIONS = YES;
				GCC_OPTIMIZATION_LEVEL = 0;
				GCC_PREPROCESSOR_DEFINITIONS = (
					"DEBUG=1",
					"$(inherited)",
				);
				GCC_SYMBOLS_PRIVATE_EXTERN = NO;
				GCC_WARN_64_TO_32_BIT_CONVERSION = YES;
				GCC_WARN_ABOUT_RETURN_TYPE = YES;
				GCC_WARN_UNINITIALIZED_AUTOS = YES;
				GCC_WARN_UNUSED_VARIABLE = YES;
				MACOSX_DEPLOYMENT_TARGET = 10.8;
				ONLY_ACTIVE_ARCH = YES;
				SDKROOT = macosx;
			};
			name = Debug;
		};
		02655CED17D9318400BC211B /* Release */ = {
			isa = XCBuildConfiguration;
			buildSettings = {
				ALWAYS_SEARCH_USER_PATHS = NO;
				ARCHS = "$(ARCHS_STANDARD_64_BIT)";
				CLANG_CXX_LANGUAGE_STANDARD = "gnu++0x";
				CLANG_CXX_LIBRARY = "libc++";
				CLANG_ENABLE_OBJC_ARC = YES;
				CLANG_WARN_CONSTANT_CONVERSION = YES;
				CLANG_WARN_EMPTY_BODY = YES;
				CLANG_WARN_ENUM_CONVERSION = YES;
				CLANG_WARN_INT_CONVERSION = YES;
				CLANG_WARN__DUPLICATE_METHOD_MATCH = YES;
				COPY_PHASE_STRIP = YES;
				DEBUG_INFORMATION_FORMAT = "dwarf-with-dsym";
				GCC_C_LANGUAGE_STANDARD = gnu99;
				GCC_ENABLE_OBJC_EXCEPTIONS = YES;
				GCC_WARN_64_TO_32_BIT_CONVERSION = YES;
				GCC_WARN_ABOUT_RETURN_TYPE = YES;
				GCC_WARN_UNINITIALIZED_AUTOS = YES;
				GCC_WARN_UNUSED_VARIABLE = YES;
				MACOSX_DEPLOYMENT_TARGET = 10.8;
				SDKROOT = macosx;
			};
			name = Release;
		};
		02655CEF17D9318400BC211B /* Debug */ = {
			isa = XCBuildConfiguration;
			buildSettings = {
				COMBINE_HIDPI_IMAGES = YES;
				GCC_PRECOMPILE_PREFIX_HEADER = YES;
				GCC_PREFIX_HEADER = "Timer/Timer-Prefix.pch";
				INFOPLIST_FILE = "Timer/Timer-Info.plist";
				PRODUCT_NAME = "$(TARGET_NAME)";
				WRAPPER_EXTENSION = app;
			};
			name = Debug;
		};
		02655CF017D9318400BC211B /* Release */ = {
			isa = XCBuildConfiguration;
			buildSettings = {
				COMBINE_HIDPI_IMAGES = YES;
				GCC_PRECOMPILE_PREFIX_HEADER = YES;
				GCC_PREFIX_HEADER = "Timer/Timer-Prefix.pch";
				INFOPLIST_FILE = "Timer/Timer-Info.plist";
				PRODUCT_NAME = "$(TARGET_NAME)";
				WRAPPER_EXTENSION = app;
			};
			name = Release;
		};
/* End XCBuildConfiguration section */

/* Begin XCConfigurationList section */
		02655CCC17D9318400BC211B /* Build configuration list for PBXProject "Timer" */ = {
			isa = XCConfigurationList;
			buildConfigurations = (
				02655CEC17D9318400BC211B /* Debug */,
				02655CED17D9318400BC211B /* Release */,
			);
			defaultConfigurationIsVisible = 0;
			defaultConfigurationName = Release;
		};
		02655CEE17D9318400BC211B /* Build configuration list for PBXNativeTarget "Timer" */ = {
			isa = XCConfigurationList;
			buildConfigurations = (
				02655CEF17D9318400BC211B /* Debug */,
				02655CF017D9318400BC211B /* Release */,
			);
			defaultConfigurationIsVisible = 0;
			defaultConfigurationName = Release;
		};
/* End XCConfigurationList section */
	};
	rootObject = 02655CC917D9318400BC211B /* Project object */;
}
